
Microsoft Visual Studio Solution File, Format Version 12.00
Project("{FAE04EC0-301F-11D3-BF4B-00C04F79EFBC}") = "Cookify.Api", "Cookify.Api\Cookify.Api.csproj", "{5BF26339-66F0-4E86-9CFA-49079C783F93}"
EndProject
Project("{2150E333-8FDC-42A3-9474-1A3956D46DE8}") = "Solution Items", "Solution Items", "{9CE1FF5E-58AD-4E46-86B5-02780F151128}"
	ProjectSection(SolutionItems) = preProject
		compose.yaml = compose.yaml
	EndProjectSection
EndProject
Global
	GlobalSection(SolutionConfigurationPlatforms) = preSolution
		Debug|Any CPU = Debug|Any CPU
		Release|Any CPU = Release|Any CPU
	EndGlobalSection
	GlobalSection(ProjectConfigurationPlatforms) = postSolution
		{5BF26339-66F0-4E86-9CFA-49079C783F93}.Debug|Any CPU.ActiveCfg = Debug|Any CPU
		{5BF26339-66F0-4E86-9CFA-49079C783F93}.Debug|Any CPU.Build.0 = Debug|Any CPU
		{5BF26339-66F0-4E86-9CFA-49079C783F93}.Release|Any CPU.ActiveCfg = Release|Any CPU
		{5BF26339-66F0-4E86-9CFA-49079C783F93}.Release|Any CPU.Build.0 = Release|Any CPU
	EndGlobalSection
EndGlobal
